// !$*UTF8*$!
{
	archiveVersion = 1;
	classes = {
	};
	objectVersion = 56;
	objects = {

/* Begin PBXBuildFile section */
		09A2EDDD297EDD8A0078E4E2 /* AppDelegate.swift in Sources */ = {isa = PBXBuildFile; fileRef = 09A2EDDC297EDD8A0078E4E2 /* AppDelegate.swift */; };
		09A2EDE1297EDD8A0078E4E2 /* ViewController.swift in Sources */ = {isa = PBXBuildFile; fileRef = 09A2EDE0297EDD8A0078E4E2 /* ViewController.swift */; };
		09A2EDE4297EDD8A0078E4E2 /* Main.storyboard in Resources */ = {isa = PBXBuildFile; fileRef = 09A2EDE2297EDD8A0078E4E2 /* Main.storyboard */; };
		09A2EDE7297EDD8A0078E4E2 /* BookSearch.xcdatamodeld in Sources */ = {isa = PBXBuildFile; fileRef = 09A2EDE5297EDD8A0078E4E2 /* BookSearch.xcdatamodeld */; };
		09A2EDE9297EDD930078E4E2 /* Assets.xcassets in Resources */ = {isa = PBXBuildFile; fileRef = 09A2EDE8297EDD930078E4E2 /* Assets.xcassets */; };
		09A2EDEC297EDD930078E4E2 /* LaunchScreen.storyboard in Resources */ = {isa = PBXBuildFile; fileRef = 09A2EDEA297EDD930078E4E2 /* LaunchScreen.storyboard */; };
		09A2EDF7297EEBD30078E4E2 /* OpenLibraryApiService.swift in Sources */ = {isa = PBXBuildFile; fileRef = 09A2EDF6297EEBD30078E4E2 /* OpenLibraryApiService.swift */; };
		09A2EDF9297EEDCF0078E4E2 /* OpenLibraryApiService+Protocol.swift in Sources */ = {isa = PBXBuildFile; fileRef = 09A2EDF8297EEDCF0078E4E2 /* OpenLibraryApiService+Protocol.swift */; };
		09A2EDFC297F05F40078E4E2 /* BookSearchResponseDTO.swift in Sources */ = {isa = PBXBuildFile; fileRef = 09A2EDFB297F05F40078E4E2 /* BookSearchResponseDTO.swift */; };
/* End PBXBuildFile section */

/* Begin PBXFileReference section */
		09A2EDD9297EDD8A0078E4E2 /* BookSearch.app */ = {isa = PBXFileReference; explicitFileType = wrapper.application; includeInIndex = 0; path = BookSearch.app; sourceTree = BUILT_PRODUCTS_DIR; };
		09A2EDDC297EDD8A0078E4E2 /* AppDelegate.swift */ = {isa = PBXFileReference; lastKnownFileType = sourcecode.swift; path = AppDelegate.swift; sourceTree = "<group>"; };
		09A2EDE0297EDD8A0078E4E2 /* ViewController.swift */ = {isa = PBXFileReference; lastKnownFileType = sourcecode.swift; path = ViewController.swift; sourceTree = "<group>"; };
		09A2EDE3297EDD8A0078E4E2 /* Base */ = {isa = PBXFileReference; lastKnownFileType = file.storyboard; name = Base; path = Base.lproj/Main.storyboard; sourceTree = "<group>"; };
		09A2EDE6297EDD8A0078E4E2 /* BookSearch.xcdatamodel */ = {isa = PBXFileReference; lastKnownFileType = wrapper.xcdatamodel; path = BookSearch.xcdatamodel; sourceTree = "<group>"; };
		09A2EDE8297EDD930078E4E2 /* Assets.xcassets */ = {isa = PBXFileReference; lastKnownFileType = folder.assetcatalog; path = Assets.xcassets; sourceTree = "<group>"; };
		09A2EDEB297EDD930078E4E2 /* Base */ = {isa = PBXFileReference; lastKnownFileType = file.storyboard; name = Base; path = Base.lproj/LaunchScreen.storyboard; sourceTree = "<group>"; };
		09A2EDED297EDD930078E4E2 /* Info.plist */ = {isa = PBXFileReference; lastKnownFileType = text.plist.xml; path = Info.plist; sourceTree = "<group>"; };
		09A2EDF6297EEBD30078E4E2 /* OpenLibraryApiService.swift */ = {isa = PBXFileReference; lastKnownFileType = sourcecode.swift; path = OpenLibraryApiService.swift; sourceTree = "<group>"; };
		09A2EDF8297EEDCF0078E4E2 /* OpenLibraryApiService+Protocol.swift */ = {isa = PBXFileReference; lastKnownFileType = sourcecode.swift; path = "OpenLibraryApiService+Protocol.swift"; sourceTree = "<group>"; };
		09A2EDFB297F05F40078E4E2 /* BookSearchResponseDTO.swift */ = {isa = PBXFileReference; lastKnownFileType = sourcecode.swift; path = BookSearchResponseDTO.swift; sourceTree = "<group>"; };
/* End PBXFileReference section */

/* Begin PBXFrameworksBuildPhase section */
		09A2EDD6297EDD8A0078E4E2 /* Frameworks */ = {
			isa = PBXFrameworksBuildPhase;
			buildActionMask = 2147483647;
			files = (
			);
			runOnlyForDeploymentPostprocessing = 0;
		};
/* End PBXFrameworksBuildPhase section */

/* Begin PBXGroup section */
		09A2EDD0297EDD890078E4E2 = {
			isa = PBXGroup;
			children = (
				09A2EDDB297EDD8A0078E4E2 /* BookSearch */,
				09A2EDDA297EDD8A0078E4E2 /* Products */,
			);
			sourceTree = "<group>";
		};
		09A2EDDA297EDD8A0078E4E2 /* Products */ = {
			isa = PBXGroup;
			children = (
				09A2EDD9297EDD8A0078E4E2 /* BookSearch.app */,
			);
			name = Products;
			sourceTree = "<group>";
		};
		09A2EDDB297EDD8A0078E4E2 /* BookSearch */ = {
			isa = PBXGroup;
			children = (
				09A2EDF3297EE9BC0078E4E2 /* Domain */,
				09A2EDF4297EE9C90078E4E2 /* Data */,
				09A2EDDC297EDD8A0078E4E2 /* AppDelegate.swift */,
				09A2EDE0297EDD8A0078E4E2 /* ViewController.swift */,
				09A2EDE2297EDD8A0078E4E2 /* Main.storyboard */,
				09A2EDE8297EDD930078E4E2 /* Assets.xcassets */,
				09A2EDEA297EDD930078E4E2 /* LaunchScreen.storyboard */,
				09A2EDED297EDD930078E4E2 /* Info.plist */,
				09A2EDE5297EDD8A0078E4E2 /* BookSearch.xcdatamodeld */,
			);
			path = BookSearch;
			sourceTree = "<group>";
		};
		09A2EDF3297EE9BC0078E4E2 /* Domain */ = {
			isa = PBXGroup;
			children = (
			);
			path = Domain;
			sourceTree = "<group>";
		};
		09A2EDF4297EE9C90078E4E2 /* Data */ = {
			isa = PBXGroup;
			children = (
				09A2EDF5297EEA1A0078E4E2 /* Network */,
			);
			path = Data;
			sourceTree = "<group>";
		};
		09A2EDF5297EEA1A0078E4E2 /* Network */ = {
			isa = PBXGroup;
			children = (
				09A2EDF6297EEBD30078E4E2 /* OpenLibraryApiService.swift */,
				09A2EDF8297EEDCF0078E4E2 /* OpenLibraryApiService+Protocol.swift */,
				09A2EDFB297F05F40078E4E2 /* BookSearchResponseDTO.swift */,
			);
			path = Network;
			sourceTree = "<group>";
		};
/* End PBXGroup section */

/* Begin PBXNativeTarget section */
		09A2EDD8297EDD8A0078E4E2 /* BookSearch */ = {
			isa = PBXNativeTarget;
			buildConfigurationList = 09A2EDF0297EDD930078E4E2 /* Build configuration list for PBXNativeTarget "BookSearch" */;
			buildPhases = (
				09A2EDD5297EDD8A0078E4E2 /* Sources */,
				09A2EDD6297EDD8A0078E4E2 /* Frameworks */,
				09A2EDD7297EDD8A0078E4E2 /* Resources */,
			);
			buildRules = (
			);
			dependencies = (
			);
			name = BookSearch;
			productName = BookSearch;
			productReference = 09A2EDD9297EDD8A0078E4E2 /* BookSearch.app */;
			productType = "com.apple.product-type.application";
		};
/* End PBXNativeTarget section */

/* Begin PBXProject section */
		09A2EDD1297EDD890078E4E2 /* Project object */ = {
			isa = PBXProject;
			attributes = {
				BuildIndependentTargetsInParallel = 1;
				LastSwiftUpdateCheck = 1420;
				LastUpgradeCheck = 1420;
				TargetAttributes = {
					09A2EDD8297EDD8A0078E4E2 = {
						CreatedOnToolsVersion = 14.2;
					};
				};
			};
			buildConfigurationList = 09A2EDD4297EDD8A0078E4E2 /* Build configuration list for PBXProject "BookSearch" */;
			compatibilityVersion = "Xcode 14.0";
			developmentRegion = en;
			hasScannedForEncodings = 0;
			knownRegions = (
				en,
				Base,
			);
			mainGroup = 09A2EDD0297EDD890078E4E2;
			productRefGroup = 09A2EDDA297EDD8A0078E4E2 /* Products */;
			projectDirPath = "";
			projectRoot = "";
			targets = (
				09A2EDD8297EDD8A0078E4E2 /* BookSearch */,
			);
		};
/* End PBXProject section */

/* Begin PBXResourcesBuildPhase section */
		09A2EDD7297EDD8A0078E4E2 /* Resources */ = {
			isa = PBXResourcesBuildPhase;
			buildActionMask = 2147483647;
			files = (
				09A2EDEC297EDD930078E4E2 /* LaunchScreen.storyboard in Resources */,
				09A2EDE9297EDD930078E4E2 /* Assets.xcassets in Resources */,
				09A2EDE4297EDD8A0078E4E2 /* Main.storyboard in Resources */,
			);
			runOnlyForDeploymentPostprocessing = 0;
		};
/* End PBXResourcesBuildPhase section */

/* Begin PBXSourcesBuildPhase section */
		09A2EDD5297EDD8A0078E4E2 /* Sources */ = {
			isa = PBXSourcesBuildPhase;
			buildActionMask = 2147483647;
			files = (
				09A2EDF7297EEBD30078E4E2 /* OpenLibraryApiService.swift in Sources */,
				09A2EDFC297F05F40078E4E2 /* BookSearchResponseDTO.swift in Sources */,
				09A2EDE7297EDD8A0078E4E2 /* BookSearch.xcdatamodeld in Sources */,
				09A2EDF9297EEDCF0078E4E2 /* OpenLibraryApiService+Protocol.swift in Sources */,
				09A2EDE1297EDD8A0078E4E2 /* ViewController.swift in Sources */,
				09A2EDDD297EDD8A0078E4E2 /* AppDelegate.swift in Sources */,
			);
			runOnlyForDeploymentPostprocessing = 0;
		};
/* End PBXSourcesBuildPhase section */

/* Begin PBXVariantGroup section */
		09A2EDE2297EDD8A0078E4E2 /* Main.storyboard */ = {
			isa = PBXVariantGroup;
			children = (
				09A2EDE3297EDD8A0078E4E2 /* Base */,
			);
			name = Main.storyboard;
			sourceTree = "<group>";
		};
		09A2EDEA297EDD930078E4E2 /* LaunchScreen.storyboard */ = {
			isa = PBXVariantGroup;
			children = (
				09A2EDEB297EDD930078E4E2 /* Base */,
			);
			name = LaunchScreen.storyboard;
			sourceTree = "<group>";
		};
/* End PBXVariantGroup section */

/* Begin XCBuildConfiguration section */
		09A2EDEE297EDD930078E4E2 /* Debug */ = {
			isa = XCBuildConfiguration;
			buildSettings = {
				ALWAYS_SEARCH_USER_PATHS = NO;
				CLANG_ANALYZER_NONNULL = YES;
				CLANG_ANALYZER_NUMBER_OBJECT_CONVERSION = YES_AGGRESSIVE;
				CLANG_CXX_LANGUAGE_STANDARD = "gnu++20";
				CLANG_ENABLE_MODULES = YES;
				CLANG_ENABLE_OBJC_ARC = YES;
				CLANG_ENABLE_OBJC_WEAK = YES;
				CLANG_WARN_BLOCK_CAPTURE_AUTORELEASING = YES;
				CLANG_WARN_BOOL_CONVERSION = YES;
				CLANG_WARN_COMMA = YES;
				CLANG_WARN_CONSTANT_CONVERSION = YES;
				CLANG_WARN_DEPRECATED_OBJC_IMPLEMENTATIONS = YES;
				CLANG_WARN_DIRECT_OBJC_ISA_USAGE = YES_ERROR;
				CLANG_WARN_DOCUMENTATION_COMMENTS = YES;
				CLANG_WARN_EMPTY_BODY = YES;
				CLANG_WARN_ENUM_CONVERSION = YES;
				CLANG_WARN_INFINITE_RECURSION = YES;
				CLANG_WARN_INT_CONVERSION = YES;
				CLANG_WARN_NON_LITERAL_NULL_CONVERSION = YES;
				CLANG_WARN_OBJC_IMPLICIT_RETAIN_SELF = YES;
				CLANG_WARN_OBJC_LITERAL_CONVERSION = YES;
				CLANG_WARN_OBJC_ROOT_CLASS = YES_ERROR;
				CLANG_WARN_QUOTED_INCLUDE_IN_FRAMEWORK_HEADER = YES;
				CLANG_WARN_RANGE_LOOP_ANALYSIS = YES;
				CLANG_WARN_STRICT_PROTOTYPES = YES;
				CLANG_WARN_SUSPICIOUS_MOVE = YES;
				CLANG_WARN_UNGUARDED_AVAILABILITY = YES_AGGRESSIVE;
				CLANG_WARN_UNREACHABLE_CODE = YES;
				CLANG_WARN__DUPLICATE_METHOD_MATCH = YES;
				COPY_PHASE_STRIP = NO;
				DEBUG_INFORMATION_FORMAT = dwarf;
				ENABLE_STRICT_OBJC_MSGSEND = YES;
				ENABLE_TESTABILITY = YES;
				GCC_C_LANGUAGE_STANDARD = gnu11;
				GCC_DYNAMIC_NO_PIC = NO;
				GCC_NO_COMMON_BLOCKS = YES;
				GCC_OPTIMIZATION_LEVEL = 0;
				GCC_PREPROCESSOR_DEFINITIONS = (
					"DEBUG=1",
					"$(inherited)",
				);
				GCC_WARN_64_TO_32_BIT_CONVERSION = YES;
				GCC_WARN_ABOUT_RETURN_TYPE = YES_ERROR;
				GCC_WARN_UNDECLARED_SELECTOR = YES;
				GCC_WARN_UNINITIALIZED_AUTOS = YES_AGGRESSIVE;
				GCC_WARN_UNUSED_FUNCTION = YES;
				GCC_WARN_UNUSED_VARIABLE = YES;
				IPHONEOS_DEPLOYMENT_TARGET = 16.2;
				MTL_ENABLE_DEBUG_INFO = INCLUDE_SOURCE;
				MTL_FAST_MATH = YES;
				ONLY_ACTIVE_ARCH = YES;
				SDKROOT = iphoneos;
				SWIFT_ACTIVE_COMPILATION_CONDITIONS = DEBUG;
				SWIFT_OPTIMIZATION_LEVEL = "-Onone";
			};
			name = Debug;
		};
		09A2EDEF297EDD930078E4E2 /* Release */ = {
			isa = XCBuildConfiguration;
			buildSettings = {
				ALWAYS_SEARCH_USER_PATHS = NO;
				CLANG_ANALYZER_NONNULL = YES;
				CLANG_ANALYZER_NUMBER_OBJECT_CONVERSION = YES_AGGRESSIVE;
				CLANG_CXX_LANGUAGE_STANDARD = "gnu++20";
				CLANG_ENABLE_MODULES = YES;
				CLANG_ENABLE_OBJC_ARC = YES;
				CLANG_ENABLE_OBJC_WEAK = YES;
				CLANG_WARN_BLOCK_CAPTURE_AUTORELEASING = YES;
				CLANG_WARN_BOOL_CONVERSION = YES;
				CLANG_WARN_COMMA = YES;
				CLANG_WARN_CONSTANT_CONVERSION = YES;
				CLANG_WARN_DEPRECATED_OBJC_IMPLEMENTATIONS = YES;
				CLANG_WARN_DIRECT_OBJC_ISA_USAGE = YES_ERROR;
				CLANG_WARN_DOCUMENTATION_COMMENTS = YES;
				CLANG_WARN_EMPTY_BODY = YES;
				CLANG_WARN_ENUM_CONVERSION = YES;
				CLANG_WARN_INFINITE_RECURSION = YES;
				CLANG_WARN_INT_CONVERSION = YES;
				CLANG_WARN_NON_LITERAL_NULL_CONVERSION = YES;
				CLANG_WARN_OBJC_IMPLICIT_RETAIN_SELF = YES;
				CLANG_WARN_OBJC_LITERAL_CONVERSION = YES;
				CLANG_WARN_OBJC_ROOT_CLASS = YES_ERROR;
				CLANG_WARN_QUOTED_INCLUDE_IN_FRAMEWORK_HEADER = YES;
				CLANG_WARN_RANGE_LOOP_ANALYSIS = YES;
				CLANG_WARN_STRICT_PROTOTYPES = YES;
				CLANG_WARN_SUSPICIOUS_MOVE = YES;
				CLANG_WARN_UNGUARDED_AVAILABILITY = YES_AGGRESSIVE;
				CLANG_WARN_UNREACHABLE_CODE = YES;
				CLANG_WARN__DUPLICATE_METHOD_MATCH = YES;
				COPY_PHASE_STRIP = NO;
				DEBUG_INFORMATION_FORMAT = "dwarf-with-dsym";
				ENABLE_NS_ASSERTIONS = NO;
				ENABLE_STRICT_OBJC_MSGSEND = YES;
				GCC_C_LANGUAGE_STANDARD = gnu11;
				GCC_NO_COMMON_BLOCKS = YES;
				GCC_WARN_64_TO_32_BIT_CONVERSION = YES;
				GCC_WARN_ABOUT_RETURN_TYPE = YES_ERROR;
				GCC_WARN_UNDECLARED_SELECTOR = YES;
				GCC_WARN_UNINITIALIZED_AUTOS = YES_AGGRESSIVE;
				GCC_WARN_UNUSED_FUNCTION = YES;
				GCC_WARN_UNUSED_VARIABLE = YES;
				IPHONEOS_DEPLOYMENT_TARGET = 16.2;
				MTL_ENABLE_DEBUG_INFO = NO;
				MTL_FAST_MATH = YES;
				SDKROOT = iphoneos;
				SWIFT_COMPILATION_MODE = wholemodule;
				SWIFT_OPTIMIZATION_LEVEL = "-O";
				VALIDATE_PRODUCT = YES;
			};
			name = Release;
		};
		09A2EDF1297EDD930078E4E2 /* Debug */ = {
			isa = XCBuildConfiguration;
			buildSettings = {
				ASSETCATALOG_COMPILER_APPICON_NAME = AppIcon;
				ASSETCATALOG_COMPILER_GLOBAL_ACCENT_COLOR_NAME = AccentColor;
				CODE_SIGN_STYLE = Automatic;
				CURRENT_PROJECT_VERSION = 1;
				DEVELOPMENT_TEAM = B8S5X9AH85;
				GENERATE_INFOPLIST_FILE = YES;
				INFOPLIST_FILE = BookSearch/Info.plist;
				INFOPLIST_KEY_UIApplicationSupportsIndirectInputEvents = YES;
				INFOPLIST_KEY_UILaunchStoryboardName = LaunchScreen;
				INFOPLIST_KEY_UIMainStoryboardFile = Main;
				INFOPLIST_KEY_UISupportedInterfaceOrientations_iPad = "UIInterfaceOrientationPortrait UIInterfaceOrientationPortraitUpsideDown UIInterfaceOrientationLandscapeLeft UIInterfaceOrientationLandscapeRight";
				INFOPLIST_KEY_UISupportedInterfaceOrientations_iPhone = "UIInterfaceOrientationPortrait UIInterfaceOrientationLandscapeLeft UIInterfaceOrientationLandscapeRight";
				IPHONEOS_DEPLOYMENT_TARGET = 15.0;
				LD_RUNPATH_SEARCH_PATHS = (
					"$(inherited)",
					"@executable_path/Frameworks",
				);
				MARKETING_VERSION = 1.0;
				PRODUCT_BUNDLE_IDENTIFIER = Damitha.BookSearch;
				PRODUCT_NAME = "$(TARGET_NAME)";
				SWIFT_EMIT_LOC_STRINGS = YES;
				SWIFT_VERSION = 5.0;
				TARGETED_DEVICE_FAMILY = "1,2";
			};
			name = Debug;
		};
		09A2EDF2297EDD930078E4E2 /* Release */ = {
			isa = XCBuildConfiguration;
			buildSettings = {
				ASSETCATALOG_COMPILER_APPICON_NAME = AppIcon;
				ASSETCATALOG_COMPILER_GLOBAL_ACCENT_COLOR_NAME = AccentColor;
				CODE_SIGN_STYLE = Automatic;
				CURRENT_PROJECT_VERSION = 1;
				DEVELOPMENT_TEAM = B8S5X9AH85;
				GENERATE_INFOPLIST_FILE = YES;
				INFOPLIST_FILE = BookSearch/Info.plist;
				INFOPLIST_KEY_UIApplicationSupportsIndirectInputEvents = YES;
				INFOPLIST_KEY_UILaunchStoryboardName = LaunchScreen;
				INFOPLIST_KEY_UIMainStoryboardFile = Main;
				INFOPLIST_KEY_UISupportedInterfaceOrientations_iPad = "UIInterfaceOrientationPortrait UIInterfaceOrientationPortraitUpsideDown UIInterfaceOrientationLandscapeLeft UIInterfaceOrientationLandscapeRight";
				INFOPLIST_KEY_UISupportedInterfaceOrientations_iPhone = "UIInterfaceOrientationPortrait UIInterfaceOrientationLandscapeLeft UIInterfaceOrientationLandscapeRight";
				IPHONEOS_DEPLOYMENT_TARGET = 15.0;
				LD_RUNPATH_SEARCH_PATHS = (
					"$(inherited)",
					"@executable_path/Frameworks",
				);
				MARKETING_VERSION = 1.0;
				PRODUCT_BUNDLE_IDENTIFIER = Damitha.BookSearch;
				PRODUCT_NAME = "$(TARGET_NAME)";
				SWIFT_EMIT_LOC_STRINGS = YES;
				SWIFT_VERSION = 5.0;
				TARGETED_DEVICE_FAMILY = "1,2";
			};
			name = Release;
		};
/* End XCBuildConfiguration section */

/* Begin XCConfigurationList section */
		09A2EDD4297EDD8A0078E4E2 /* Build configuration list for PBXProject "BookSearch" */ = {
			isa = XCConfigurationList;
			buildConfigurations = (
				09A2EDEE297EDD930078E4E2 /* Debug */,
				09A2EDEF297EDD930078E4E2 /* Release */,
			);
			defaultConfigurationIsVisible = 0;
			defaultConfigurationName = Release;
		};
		09A2EDF0297EDD930078E4E2 /* Build configuration list for PBXNativeTarget "BookSearch" */ = {
			isa = XCConfigurationList;
			buildConfigurations = (
				09A2EDF1297EDD930078E4E2 /* Debug */,
				09A2EDF2297EDD930078E4E2 /* Release */,
			);
			defaultConfigurationIsVisible = 0;
			defaultConfigurationName = Release;
		};
/* End XCConfigurationList section */

/* Begin XCVersionGroup section */
		09A2EDE5297EDD8A0078E4E2 /* BookSearch.xcdatamodeld */ = {
			isa = XCVersionGroup;
			children = (
				09A2EDE6297EDD8A0078E4E2 /* BookSearch.xcdatamodel */,
			);
			currentVersion = 09A2EDE6297EDD8A0078E4E2 /* BookSearch.xcdatamodel */;
			path = BookSearch.xcdatamodeld;
			sourceTree = "<group>";
			versionGroupType = wrapper.xcdatamodel;
		};
/* End XCVersionGroup section */
	};
	rootObject = 09A2EDD1297EDD890078E4E2 /* Project object */;
}
